
Microsoft Visual Studio Solution File, Format Version 12.00
# Visual Studio 15
VisualStudioVersion = 15.0.28010.2046
MinimumVisualStudioVersion = 10.0.40219.1
Project("{FAE04EC0-301F-11D3-BF4B-00C04F79EFBC}") = "lesson_5", "lesson_5\lesson_5.csproj", "{A21610C2-3E07-4461-9F9A-01A94F421E37}"
EndProject
Project("{FAE04EC0-301F-11D3-BF4B-00C04F79EFBC}") = "lesson_7", "lesson_7\lesson_7.csproj", "{47F7A78C-0D10-4509-8AF0-80F8701473EE}"
EndProject
Global
	GlobalSection(SolutionConfigurationPlatforms) = preSolution
		Debug|Any CPU = Debug|Any CPU
		Release|Any CPU = Release|Any CPU
	EndGlobalSection
	GlobalSection(ProjectConfigurationPlatforms) = postSolution
		{A21610C2-3E07-4461-9F9A-01A94F421E37}.Debug|Any CPU.ActiveCfg = Debug|Any CPU
		{A21610C2-3E07-4461-9F9A-01A94F421E37}.Debug|Any CPU.Build.0 = Debug|Any CPU
		{A21610C2-3E07-4461-9F9A-01A94F421E37}.Release|Any CPU.ActiveCfg = Release|Any CPU
		{A21610C2-3E07-4461-9F9A-01A94F421E37}.Release|Any CPU.Build.0 = Release|Any CPU
		{47F7A78C-0D10-4509-8AF0-80F8701473EE}.Debug|Any CPU.ActiveCfg = Debug|Any CPU
		{47F7A78C-0D10-4509-8AF0-80F8701473EE}.Debug|Any CPU.Build.0 = Debug|Any CPU
		{47F7A78C-0D10-4509-8AF0-80F8701473EE}.Release|Any CPU.ActiveCfg = Release|Any CPU
		{47F7A78C-0D10-4509-8AF0-80F8701473EE}.Release|Any CPU.Build.0 = Release|Any CPU
	EndGlobalSection
	GlobalSection(SolutionProperties) = preSolution
		HideSolutionNode = FALSE
	EndGlobalSection
	GlobalSection(ExtensibilityGlobals) = postSolution
		SolutionGuid = {5B199DDD-DE7E-44ED-92F0-C6A5B797F115}
	EndGlobalSection
EndGlobal
